{
  "version": 4,
  "terraform_version": "1.9.2",
  "serial": 136,
  "lineage": "d08bf619-8160-c52a-6760-ec61019e0eb5",
  "outputs": {
    "vm_ip": {
      "value": {},
      "type": [
        "object",
        {}
      ]
    },
    "vm_nat_ip": {
      "value": {},
      "type": [
        "object",
        {}
      ]
    }
  },
  "resources": [
    {
      "mode": "managed",
      "type": "yandex_vpc_network",
      "name": "network-1",
      "provider": "provider[\"registry.terraform.io/yandex-cloud/yandex\"]",
      "instances": [
        {
          "schema_version": 0,
          "attributes": {
            "created_at": "2025-11-09T10:00:23Z",
            "default_security_group_id": "enp7aj2qhq30bmilaub0",
            "description": "",
            "folder_id": "b1g7rrchnv94ubmv4kon",
            "id": "enpu9ofk973douuh80vq",
            "labels": {},
            "name": "network1",
            "subnet_ids": [
              "e2lo218nn97jhle3tk99"
            ],
            "timeouts": null
          },
          "sensitive_attributes": [],
          "private": "eyJlMmJmYjczMC1lY2FhLTExZTYtOGY4OC0zNDM2M2JjN2M0YzAiOnsiY3JlYXRlIjo2MDAwMDAwMDAwMCwiZGVsZXRlIjo2MDAwMDAwMDAwMCwidXBkYXRlIjo2MDAwMDAwMDAwMH19"
        }
      ]
    },
    {
      "mode": "managed",
      "type": "yandex_vpc_subnet",
      "name": "subnet-1",
      "provider": "provider[\"registry.terraform.io/yandex-cloud/yandex\"]",
      "instances": [
        {
          "schema_version": 0,
          "attributes": {
            "created_at": "2025-11-09T10:00:25Z",
            "description": "",
            "dhcp_options": [],
            "folder_id": "b1g7rrchnv94ubmv4kon",
            "id": "e2lo218nn97jhle3tk99",
            "labels": {},
            "name": "subnet1",
            "network_id": "enpu9ofk973douuh80vq",
            "route_table_id": "",
            "timeouts": null,
            "v4_cidr_blocks": [
              "192.168.10.0/24"
            ],
            "v6_cidr_blocks": [],
            "zone": "ru-central1-b"
          },
          "sensitive_attributes": [],
          "private": "eyJlMmJmYjczMC1lY2FhLTExZTYtOGY4OC0zNDM2M2JjN2M0YzAiOnsiY3JlYXRlIjoxODAwMDAwMDAwMDAsImRlbGV0ZSI6MTgwMDAwMDAwMDAwLCJ1cGRhdGUiOjE4MDAwMDAwMDAwMH19",
          "dependencies": [
            "yandex_vpc_network.network-1"
          ]
        }
      ]
    }
  ],
  "check_results": null
}
