{
  "version": 4,
  "terraform_version": "1.9.2",
  "serial": 28,
  "lineage": "aca2b3f4-547d-3f62-4709-ff74567f2de8",
  "outputs": {},
  "resources": [
    {
      "mode": "managed",
      "type": "yandex_vpc_network",
      "name": "network-1",
      "provider": "provider[\"registry.terraform.io/yandex-cloud/yandex\"]",
      "instances": [
        {
          "schema_version": 0,
          "attributes": {
            "created_at": "2025-11-13T06:43:32Z",
            "default_security_group_id": "enp5rhemu3qupjbtar0k",
            "description": "",
            "folder_id": "b1g7rrchnv94ubmv4kon",
            "id": "enpm4tof2970uist5jga",
            "labels": {},
            "name": "network1",
            "subnet_ids": [
              "e9ba5q5amhudetjjli39"
            ],
            "timeouts": null
          },
          "sensitive_attributes": [],
          "private": "eyJlMmJmYjczMC1lY2FhLTExZTYtOGY4OC0zNDM2M2JjN2M0YzAiOnsiY3JlYXRlIjo2MDAwMDAwMDAwMCwiZGVsZXRlIjo2MDAwMDAwMDAwMCwidXBkYXRlIjo2MDAwMDAwMDAwMH19"
        }
      ]
    },
    {
      "mode": "managed",
      "type": "yandex_vpc_subnet",
      "name": "subnet-1",
      "provider": "provider[\"registry.terraform.io/yandex-cloud/yandex\"]",
      "instances": [
        {
          "schema_version": 0,
          "attributes": {
            "created_at": "2025-11-13T06:43:35Z",
            "description": "",
            "dhcp_options": [],
            "folder_id": "b1g7rrchnv94ubmv4kon",
            "id": "e9ba5q5amhudetjjli39",
            "labels": {},
            "name": "subnet1",
            "network_id": "enpm4tof2970uist5jga",
            "route_table_id": "",
            "timeouts": null,
            "v4_cidr_blocks": [
              "192.168.10.0/24"
            ],
            "v6_cidr_blocks": [],
            "zone": "ru-central1-a"
          },
          "sensitive_attributes": [],
          "private": "eyJlMmJmYjczMC1lY2FhLTExZTYtOGY4OC0zNDM2M2JjN2M0YzAiOnsiY3JlYXRlIjoxODAwMDAwMDAwMDAsImRlbGV0ZSI6MTgwMDAwMDAwMDAwLCJ1cGRhdGUiOjE4MDAwMDAwMDAwMH19",
          "dependencies": [
            "yandex_vpc_network.network-1"
          ]
        }
      ]
    }
  ],
  "check_results": null
}
